{
  "name": "newspeak-quick-dictionary",
  "version": "1.0.0",
  "lockfileVersion": 3,
  "requires": true,
  "packages": {
    "": {
      "name": "newspeak-quick-dictionary",
      "version": "1.0.0",
      "dependencies": {
        "ai": "latest",
        "zod": "latest"
      },
      "engines": {
        "node": "22.x"
      }
    },
    "node_modules/@ai-sdk/gateway": {
      "version": "4.0.107",
      "resolved": "https://registry.npmjs.org/@ai-sdk/gateway/-/gateway-4.0.107.tgz",
      "integrity": "sha512-Z/e4lbywscQ86JHi+vgIE7paPzvCSypJFIQugADWpWZXGkQ3iZ6M08rqkjDNhj3y6Gi7O3A/sSL/Ib3LoVZv6w==",
      "dependencies": {
        "@ai-sdk/provider": "4.0.24",
        "@ai-sdk/provider-utils": "5.0.56",
        "@vercel/oidc": "3.2.0"
      },
      "engines": {
        "node": ">=22"
      },
      "peerDependencies": {
        "zod": "^3.25.76 || ^4.1.8"
      }
    },
    "node_modules/@ai-sdk/gateway/node_modules/@vercel/oidc": {
      "version": "3.2.0",
      "resolved": "https://registry.npmjs.org/@vercel/oidc/-/oidc-3.2.0.tgz",
      "integrity": "sha512-UycprH3T6n3jH0k44NHMa7pnFHGu/N05MjojYr+Mc6I7obkoLIJujSWwin1pCvdy/eOxrI/l3uDLQsmcrOb4ug==",
      "engines": {
        "node": ">= 20"
      }
    },
    "node_modules/@ai-sdk/provider": {
      "version": "4.0.24",
      "resolved": "https://registry.npmjs.org/@ai-sdk/provider/-/provider-4.0.24.tgz",
      "integrity": "sha512-iztFqJTdxNN0ZzqZAAnVPMhRMaL1bfQFa3GIPAffWQ0+dP2FXIkyMD8kHeEI7EpB/C6TR45cqOkrS7YZZ1sATA==",
      "dependencies": {
        "json-schema": "^0.4.0"
      },
      "engines": {
        "node": ">=22"
      }
    },
    "node_modules/@ai-sdk/provider-utils": {
      "version": "5.0.56",
      "resolved": "https://registry.npmjs.org/@ai-sdk/provider-utils/-/provider-utils-5.0.56.tgz",
      "integrity": "sha512-F7/U1YpVXEfSxRHbxScm0PVdr9lN6GaUWHnt8ws2UjuGeuxWHqCkV25dGpHAkpDHkuIXoC+aak/OqSylKSJmHw==",
      "dependencies": {
        "@ai-sdk/provider": "4.0.24",
        "@standard-schema/spec": "^1.1.0",
        "@workflow/serde": "4.1.0",
        "eventsource-parser": "^3.0.8",
        "undici": "^7.29.0"
      },
      "engines": {
        "node": ">=22"
      },
      "peerDependencies": {
        "zod": "^3.25.76 || ^4.1.8"
      }
    },
    "node_modules/@ai-sdk/provider-utils/node_modules/@workflow/serde": {
      "version": "4.1.0",
      "resolved": "https://registry.npmjs.org/@workflow/serde/-/serde-4.1.0.tgz",
      "integrity": "sha512-pav4F2BoirECWR7Nf1TKt+2eETcBj7jj4cBefQ8VXQCA6NPkaKeLfj/zMgi+3zYV5ZIBT4GuUiphsj0/b9hPQQ=="
    },
    "node_modules/@ai-sdk/provider-utils/node_modules/undici": {
      "version": "7.30.0",
      "resolved": "https://registry.npmjs.org/undici/-/undici-7.30.0.tgz",
      "integrity": "sha512-dkrQXeHSaoamnItlYbmzG0wFYrM0ZwDxCIg0A7aKjTyyhh9svRzCNFEzV+Vm05/yehjCzjDZ31KXfGEjYSztDQ==",
      "engines": {
        "node": ">=20.18.1"
      }
    },
    "node_modules/@standard-schema/spec": {
      "version": "1.1.0",
      "license": "MIT"
    },
    "node_modules/ai": {
      "version": "7.0.131",
      "resolved": "https://registry.npmjs.org/ai/-/ai-7.0.131.tgz",
      "integrity": "sha512-lOv32sfZ4T6yeFLvc9YyIBbaJH4lAhX4jYvRn6AmU7EePpL5VX3I7jgLFuX56lWaiKFi07rQ0I8+Jb2t0B0olg==",
      "dependencies": {
        "@ai-sdk/gateway": "4.0.107",
        "@ai-sdk/provider": "4.0.24",
        "@ai-sdk/provider-utils": "5.0.56"
      },
      "engines": {
        "node": ">=22"
      },
      "peerDependencies": {
        "zod": "^3.25.76 || ^4.1.8"
      }
    },
    "node_modules/eventsource-parser": {
      "version": "3.1.1",
      "license": "MIT",
      "engines": {
        "node": ">=18.0.0"
      }
    },
    "node_modules/json-schema": {
      "version": "0.4.0",
      "license": "(AFL-2.1 OR BSD-3-Clause)"
    },
    "node_modules/zod": {
      "version": "4.6.5",
      "resolved": "https://registry.npmjs.org/zod/-/zod-4.6.5.tgz",
      "integrity": "sha512-v5l/aFXZQeai4awLbOpSoHecE9UiMrnfx75tEXLjNonXVARxQ5mOeipTjROUchszUNCqnE+hqAMujRsRHsut2Q==",
      "funding": {
        "url": "https://github.com/sponsors/colinhacks"
      }
    }
  }
}
