{
  "name": "newspeak-quick-dictionary",
  "version": "1.0.0",
  "lockfileVersion": 3,
  "requires": true,
  "packages": {
    "": {
      "name": "newspeak-quick-dictionary",
      "version": "1.0.0",
      "dependencies": {
        "@openrouter/sdk": "^1.4.25",
        "zod": "latest"
      },
      "engines": {
        "node": "22.x"
      }
    },
    "node_modules/@openrouter/sdk": {
      "version": "1.4.25",
      "resolved": "https://registry.npmjs.org/@openrouter/sdk/-/sdk-1.4.25.tgz",
      "integrity": "sha512-H218lYMy9WhU5cMigUvW/k+e1BimCqTTP+9PqssdDXnQ0gFCeEME0HTsFGPbR6UgJgyYh2hTct43/9pMcBem5A==",
      "hasInstallScript": true,
      "dependencies": {
        "zod": "^3.25.0 || ^4.0.0"
      }
    },
    "node_modules/zod": {
      "version": "4.6.5",
      "resolved": "https://registry.npmjs.org/zod/-/zod-4.6.5.tgz",
      "integrity": "sha512-v5l/aFXZQeai4awLbOpSoHecE9UiMrnfx75tEXLjNonXVARxQ5mOeipTjROUchszUNCqnE+hqAMujRsRHsut2Q==",
      "funding": {
        "url": "https://github.com/sponsors/colinhacks"
      }
    }
  }
}
